<?xml version="1.0"?>
<CONFIG>
  <ProjectOptions>
    <Version Value="9"/>
    <PathDelim Value="\"/>
    <General>
      <MainUnit Value="0"/>
      <Title Value="player3_5"/>
      <ResourceType Value="res"/>
      <UseXPManifest Value="True"/>
      <Icon Value="0"/>
      <ActiveWindowIndexAtStart Value="0"/>
    </General>
    <i18n>
      <EnableI18N LFM="False"/>
    </i18n>
    <VersionInfo>
      <UseVersionInfo Value="True"/>
      <AutoIncrementBuild Value="True"/>
      <MajorVersionNr Value="3"/>
      <MinorVersionNr Value="1"/>
      <RevisionNr Value="1"/>
      <BuildNr Value="10"/>
      <StringTable CompanyName="Vin92" OriginalFilename="vPlayer" ProductVersion="3.0"/>
    </VersionInfo>
    <BuildModes Count="1" Active="Default">
      <Item1 Name="Default" Default="True"/>
    </BuildModes>
    <PublishOptions>
      <Version Value="2"/>
      <IncludeFileFilter Value="*.(pas|pp|inc|lfm|lpr|lrs|lpi|lpk|sh|xml)"/>
      <ExcludeFileFilter Value="*.(bak|ppu|o|so);*~;backup"/>
    </PublishOptions>
    <RunParams>
      <local>
        <FormatVersion Value="1"/>
      </local>
    </RunParams>
    <RequiredPackages Count="2">
      <Item1>
        <PackageName Value="laz_synapse"/>
      </Item1>
      <Item2>
        <PackageName Value="LCL"/>
      </Item2>
    </RequiredPackages>
    <Units Count="37">
      <Unit0>
        <Filename Value="player3_5.lpr"/>
        <IsPartOfProject Value="True"/>
        <UnitName Value="player3_5"/>
        <EditorIndex Value="26"/>
        <WindowIndex Value="0"/>
        <TopLine Value="6"/>
        <CursorPos X="45" Y="31"/>
        <UsageCount Value="227"/>
        <Loaded Value="True"/>
      </Unit0>
      <Unit1>
        <Filename Value="player3_0u.pas"/>
        <IsPartOfProject Value="True"/>
        <ComponentName Value="vplayer"/>
        <HasResources Value="True"/>
        <ResourceBaseClass Value="Form"/>
        <UnitName Value="player3_0u"/>
        <EditorIndex Value="0"/>
        <WindowIndex Value="0"/>
        <TopLine Value="1"/>
        <CursorPos X="49" Y="10"/>
        <UsageCount Value="227"/>
        <Loaded Value="True"/>
        <LoadedDesigner Value="True"/>
      </Unit1>
      <Unit2>
        <Filename Value="interf.pas"/>
        <IsPartOfProject Value="True"/>
        <ComponentName Value="Form1"/>
        <HasResources Value="True"/>
        <ResourceBaseClass Value="Form"/>
        <UnitName Value="interf"/>
        <EditorIndex Value="13"/>
        <WindowIndex Value="0"/>
        <TopLine Value="194"/>
        <CursorPos X="1" Y="241"/>
        <UsageCount Value="227"/>
        <Loaded Value="True"/>
        <LoadedDesigner Value="True"/>
      </Unit2>
      <Unit3>
        <Filename Value="dvig.pas"/>
        <IsPartOfProject Value="True"/>
        <UnitName Value="dvig"/>
        <WindowIndex Value="0"/>
        <TopLine Value="1"/>
        <CursorPos X="5" Y="26"/>
        <UsageCount Value="226"/>
      </Unit3>
      <Unit4>
        <Filename Value="bass.pas"/>
        <UnitName Value="BASS"/>
        <EditorIndex Value="12"/>
        <WindowIndex Value="0"/>
        <TopLine Value="336"/>
        <CursorPos X="79" Y="798"/>
        <UsageCount Value="135"/>
        <Loaded Value="True"/>
      </Unit4>
      <Unit5>
        <Filename Value="interf2.pas"/>
        <IsPartOfProject Value="True"/>
        <ComponentName Value="Form2"/>
        <HasResources Value="True"/>
        <ResourceBaseClass Value="Form"/>
        <UnitName Value="interf2"/>
        <EditorIndex Value="16"/>
        <WindowIndex Value="0"/>
        <TopLine Value="56"/>
        <CursorPos X="1" Y="72"/>
        <UsageCount Value="237"/>
        <Loaded Value="True"/>
        <LoadedDesigner Value="True"/>
      </Unit5>
      <Unit6>
        <Filename Value="interf3.pas"/>
        <IsPartOfProject Value="True"/>
        <ComponentName Value="Form3"/>
        <HasResources Value="True"/>
        <ResourceBaseClass Value="Form"/>
        <UnitName Value="interf3"/>
        <EditorIndex Value="19"/>
        <WindowIndex Value="0"/>
        <TopLine Value="611"/>
        <CursorPos X="7" Y="468"/>
        <UsageCount Value="228"/>
        <Loaded Value="True"/>
        <LoadedDesigner Value="True"/>
      </Unit6>
      <Unit7>
        <Filename Value="interf4.pas"/>
        <IsPartOfProject Value="True"/>
        <ComponentName Value="Form4"/>
        <HasResources Value="True"/>
        <ResourceBaseClass Value="Form"/>
        <UnitName Value="interf4"/>
        <EditorIndex Value="11"/>
        <WindowIndex Value="0"/>
        <TopLine Value="1"/>
        <CursorPos X="44" Y="8"/>
        <UsageCount Value="204"/>
        <Loaded Value="True"/>
        <LoadedDesigner Value="True"/>
      </Unit7>
      <Unit8>
        <Filename Value="scaner_vplayer.pas"/>
        <IsPartOfProject Value="True"/>
        <UnitName Value="scaner_vPlayer"/>
        <EditorIndex Value="9"/>
        <WindowIndex Value="0"/>
        <TopLine Value="692"/>
        <CursorPos X="29" Y="627"/>
        <UsageCount Value="200"/>
        <Loaded Value="True"/>
      </Unit8>
      <Unit9>
        <Filename Value="progress.pas"/>
        <IsPartOfProject Value="True"/>
        <UnitName Value="progress"/>
        <WindowIndex Value="0"/>
        <TopLine Value="1"/>
        <CursorPos X="16" Y="1"/>
        <UsageCount Value="270"/>
      </Unit9>
      <Unit10>
        <Filename Value="progress_p.pas"/>
        <UnitName Value="progress_p"/>
        <EditorIndex Value="14"/>
        <WindowIndex Value="0"/>
        <TopLine Value="8"/>
        <CursorPos X="14" Y="36"/>
        <UsageCount Value="135"/>
        <Loaded Value="True"/>
      </Unit10>
      <Unit11>
        <Filename Value="interf5.pas"/>
        <IsPartOfProject Value="True"/>
        <ComponentName Value="Form5"/>
        <ResourceBaseClass Value="Form"/>
        <UnitName Value="interf5"/>
        <WindowIndex Value="0"/>
        <TopLine Value="6"/>
        <CursorPos X="31" Y="12"/>
        <UsageCount Value="209"/>
      </Unit11>
      <Unit12>
        <Filename Value="u_settings.pas"/>
        <IsPartOfProject Value="True"/>
        <ComponentName Value="Form6"/>
        <HasResources Value="True"/>
        <ResourceBaseClass Value="Form"/>
        <UnitName Value="U_settings"/>
        <EditorIndex Value="25"/>
        <WindowIndex Value="0"/>
        <TopLine Value="141"/>
        <CursorPos X="3" Y="150"/>
        <UsageCount Value="259"/>
        <Loaded Value="True"/>
        <LoadedDesigner Value="True"/>
      </Unit12>
      <Unit13>
        <Filename Value="search_drive.pas"/>
        <IsPartOfProject Value="True"/>
        <UnitName Value="search_drive"/>
        <EditorIndex Value="10"/>
        <WindowIndex Value="0"/>
        <TopLine Value="10"/>
        <CursorPos X="53" Y="23"/>
        <UsageCount Value="207"/>
        <Loaded Value="True"/>
      </Unit13>
      <Unit14>
        <Filename Value="iinterf7.pas"/>
        <IsPartOfProject Value="True"/>
        <ComponentName Value="Form7"/>
        <HasResources Value="True"/>
        <ResourceBaseClass Value="Form"/>
        <UnitName Value="iinterf7"/>
        <EditorIndex Value="7"/>
        <WindowIndex Value="0"/>
        <TopLine Value="840"/>
        <CursorPos X="23" Y="866"/>
        <UsageCount Value="308"/>
        <Loaded Value="True"/>
        <LoadedDesigner Value="True"/>
      </Unit14>
      <Unit15>
        <Filename Value="interf8.pas"/>
        <IsPartOfProject Value="True"/>
        <ComponentName Value="Form8"/>
        <HasResources Value="True"/>
        <ResourceBaseClass Value="Form"/>
        <UnitName Value="interf8"/>
        <EditorIndex Value="8"/>
        <WindowIndex Value="0"/>
        <TopLine Value="28"/>
        <CursorPos X="51" Y="45"/>
        <UsageCount Value="440"/>
        <Loaded Value="True"/>
        <LoadedDesigner Value="True"/>
      </Unit15>
      <Unit16>
        <Filename Value="interf9.pas"/>
        <IsPartOfProject Value="True"/>
        <ComponentName Value="Form9"/>
        <HasResources Value="True"/>
        <ResourceBaseClass Value="Form"/>
        <UnitName Value="interf9"/>
        <EditorIndex Value="6"/>
        <WindowIndex Value="0"/>
        <TopLine Value="1"/>
        <CursorPos X="1" Y="1"/>
        <UsageCount Value="375"/>
        <Loaded Value="True"/>
        <LoadedDesigner Value="True"/>
      </Unit16>
      <Unit17>
        <Filename Value="Tags.pas"/>
        <UnitName Value="tags"/>
        <EditorIndex Value="15"/>
        <WindowIndex Value="0"/>
        <TopLine Value="1"/>
        <CursorPos X="110" Y="18"/>
        <UsageCount Value="187"/>
        <Loaded Value="True"/>
      </Unit17>
      <Unit18>
        <Filename Value="bassenc.pas"/>
        <UnitName Value="BASSenc"/>
        <WindowIndex Value="0"/>
        <TopLine Value="1"/>
        <CursorPos X="8" Y="12"/>
        <UsageCount Value="21"/>
      </Unit18>
      <Unit19>
        <Filename Value="B_ID3V1.pas"/>
        <UnitName Value="B_ID3V1"/>
        <EditorIndex Value="5"/>
        <WindowIndex Value="0"/>
        <TopLine Value="1"/>
        <CursorPos X="1" Y="11"/>
        <UsageCount Value="100"/>
        <Loaded Value="True"/>
      </Unit19>
      <Unit20>
        <Filename Value="C:\lazarus\components\lazutils\fileutil.inc"/>
        <WindowIndex Value="0"/>
        <TopLine Value="48"/>
        <CursorPos X="1" Y="48"/>
        <UsageCount Value="48"/>
      </Unit20>
      <Unit21>
        <Filename Value="C:\lazarus\components\lazutils\winfileutil.inc"/>
        <WindowIndex Value="0"/>
        <TopLine Value="117"/>
        <CursorPos X="1" Y="131"/>
        <UsageCount Value="48"/>
      </Unit21>
      <Unit22>
        <Filename Value="interf10.pas"/>
        <IsPartOfProject Value="True"/>
        <ComponentName Value="Form10"/>
        <HasResources Value="True"/>
        <ResourceBaseClass Value="Form"/>
        <UnitName Value="interf10"/>
        <EditorIndex Value="4"/>
        <WindowIndex Value="0"/>
        <TopLine Value="29"/>
        <CursorPos X="47" Y="49"/>
        <UsageCount Value="214"/>
        <Loaded Value="True"/>
        <LoadedDesigner Value="True"/>
      </Unit22>
      <Unit23>
        <Filename Value="interf11.pas"/>
        <IsPartOfProject Value="True"/>
        <ComponentName Value="Form11"/>
        <HasResources Value="True"/>
        <ResourceBaseClass Value="Form"/>
        <UnitName Value="interf11"/>
        <EditorIndex Value="24"/>
        <WindowIndex Value="0"/>
        <TopLine Value="150"/>
        <CursorPos X="77" Y="169"/>
        <UsageCount Value="220"/>
        <Loaded Value="True"/>
        <LoadedDesigner Value="True"/>
      </Unit23>
      <Unit24>
        <Filename Value="interf12.pas"/>
        <IsPartOfProject Value="True"/>
        <ComponentName Value="Form12"/>
        <HasResources Value="True"/>
        <ResourceBaseClass Value="Form"/>
        <UnitName Value="interf12"/>
        <IsVisibleTab Value="True"/>
        <EditorIndex Value="20"/>
        <WindowIndex Value="0"/>
        <TopLine Value="122"/>
        <CursorPos X="53" Y="135"/>
        <UsageCount Value="206"/>
        <Loaded Value="True"/>
        <LoadedDesigner Value="True"/>
      </Unit24>
      <Unit25>
        <Filename Value="C:\lazarus\lcl\interfaces\win32\win32listsl.inc"/>
        <EditorIndex Value="23"/>
        <WindowIndex Value="0"/>
        <TopLine Value="160"/>
        <CursorPos X="1" Y="173"/>
        <UsageCount Value="102"/>
        <Loaded Value="True"/>
      </Unit25>
      <Unit26>
        <Filename Value="interf13.pas"/>
        <IsPartOfProject Value="True"/>
        <ComponentName Value="Form13"/>
        <HasResources Value="True"/>
        <ResourceBaseClass Value="Form"/>
        <UnitName Value="interf13"/>
        <WindowIndex Value="0"/>
        <TopLine Value="1"/>
        <CursorPos X="31" Y="61"/>
        <UsageCount Value="289"/>
      </Unit26>
      <Unit27>
        <Filename Value="C:\lazarus\lcl\include\wincontrol.inc"/>
        <WindowIndex Value="0"/>
        <TopLine Value="7201"/>
        <CursorPos X="1" Y="7215"/>
        <UsageCount Value="43"/>
      </Unit27>
      <Unit28>
        <Filename Value="..\..\..\Downloads\synapse40\source\lib\httpsend.pas"/>
        <UnitName Value="httpsend"/>
        <EditorIndex Value="3"/>
        <WindowIndex Value="0"/>
        <TopLine Value="744"/>
        <CursorPos X="1" Y="756"/>
        <UsageCount Value="108"/>
        <Loaded Value="True"/>
      </Unit28>
      <Unit29>
        <Filename Value="vk_unit.pas"/>
        <IsPartOfProject Value="True"/>
        <UnitName Value="VK_unit"/>
        <EditorIndex Value="22"/>
        <WindowIndex Value="0"/>
        <TopLine Value="38"/>
        <CursorPos X="15" Y="19"/>
        <UsageCount Value="217"/>
        <Loaded Value="True"/>
      </Unit29>
      <Unit30>
        <Filename Value="C:\lazarus\fpc\2.6.0\source\rtl\objpas\classes\classesh.inc"/>
        <WindowIndex Value="0"/>
        <TopLine Value="1457"/>
        <CursorPos X="40" Y="1475"/>
        <UsageCount Value="90"/>
      </Unit30>
      <Unit31>
        <Filename Value="ssl_openssl_lib.pas"/>
        <UnitName Value="ssl_openssl_lib"/>
        <EditorIndex Value="17"/>
        <WindowIndex Value="0"/>
        <TopLine Value="835"/>
        <CursorPos X="14" Y="850"/>
        <UsageCount Value="107"/>
        <Loaded Value="True"/>
      </Unit31>
      <Unit32>
        <Filename Value="ssl_openssl.pas"/>
        <UnitName Value="ssl_openssl"/>
        <EditorIndex Value="18"/>
        <WindowIndex Value="0"/>
        <TopLine Value="156"/>
        <CursorPos X="56" Y="169"/>
        <UsageCount Value="107"/>
        <Loaded Value="True"/>
      </Unit32>
      <Unit33>
        <Filename Value="spisok.pas"/>
        <UnitName Value="spisok"/>
        <EditorIndex Value="2"/>
        <WindowIndex Value="0"/>
        <TopLine Value="7"/>
        <CursorPos X="103" Y="99"/>
        <UsageCount Value="106"/>
        <Loaded Value="True"/>
      </Unit33>
      <Unit34>
        <Filename Value="C:\lazarus\lcl\include\control.inc"/>
        <WindowIndex Value="0"/>
        <TopLine Value="4780"/>
        <CursorPos X="1" Y="4792"/>
        <UsageCount Value="94"/>
      </Unit34>
      <Unit35>
        <Filename Value="bassflac.pas"/>
        <UnitName Value="BassFLAC"/>
        <EditorIndex Value="1"/>
        <WindowIndex Value="0"/>
        <TopLine Value="1"/>
        <CursorPos X="7" Y="12"/>
        <UsageCount Value="108"/>
        <Loaded Value="True"/>
      </Unit35>
      <Unit36>
        <Filename Value="C:\lazarus\lcl\include\customlistbox.inc"/>
        <EditorIndex Value="21"/>
        <WindowIndex Value="0"/>
        <TopLine Value="184"/>
        <CursorPos X="1" Y="197"/>
        <UsageCount Value="70"/>
        <Loaded Value="True"/>
      </Unit36>
    </Units>
    <JumpHistory Count="28" HistoryIndex="27">
      <Position1>
        <Filename Value="iinterf7.pas"/>
        <Caret Line="502" Column="1" TopLine="485"/>
      </Position1>
      <Position2>
        <Filename Value="iinterf7.pas"/>
        <Caret Line="503" Column="1" TopLine="485"/>
      </Position2>
      <Position3>
        <Filename Value="iinterf7.pas"/>
        <Caret Line="505" Column="1" TopLine="485"/>
      </Position3>
      <Position4>
        <Filename Value="iinterf7.pas"/>
        <Caret Line="490" Column="1" TopLine="485"/>
      </Position4>
      <Position5>
        <Filename Value="iinterf7.pas"/>
        <Caret Line="491" Column="1" TopLine="485"/>
      </Position5>
      <Position6>
        <Filename Value="iinterf7.pas"/>
        <Caret Line="837" Column="8" TopLine="820"/>
      </Position6>
      <Position7>
        <Filename Value="iinterf7.pas"/>
        <Caret Line="836" Column="8" TopLine="819"/>
      </Position7>
      <Position8>
        <Filename Value="iinterf7.pas"/>
        <Caret Line="835" Column="8" TopLine="818"/>
      </Position8>
      <Position9>
        <Filename Value="iinterf7.pas"/>
        <Caret Line="834" Column="8" TopLine="284"/>
      </Position9>
      <Position10>
        <Filename Value="iinterf7.pas"/>
        <Caret Line="833" Column="8" TopLine="809"/>
      </Position10>
      <Position11>
        <Filename Value="iinterf7.pas"/>
        <Caret Line="832" Column="8" TopLine="808"/>
      </Position11>
      <Position12>
        <Filename Value="iinterf7.pas"/>
        <Caret Line="831" Column="8" TopLine="807"/>
      </Position12>
      <Position13>
        <Filename Value="iinterf7.pas"/>
        <Caret Line="830" Column="8" TopLine="806"/>
      </Position13>
      <Position14>
        <Filename Value="iinterf7.pas"/>
        <Caret Line="829" Column="8" TopLine="805"/>
      </Position14>
      <Position15>
        <Filename Value="iinterf7.pas"/>
        <Caret Line="828" Column="8" TopLine="804"/>
      </Position15>
      <Position16>
        <Filename Value="iinterf7.pas"/>
        <Caret Line="827" Column="8" TopLine="803"/>
      </Position16>
      <Position17>
        <Filename Value="iinterf7.pas"/>
        <Caret Line="826" Column="8" TopLine="802"/>
      </Position17>
      <Position18>
        <Filename Value="iinterf7.pas"/>
        <Caret Line="825" Column="8" TopLine="801"/>
      </Position18>
      <Position19>
        <Filename Value="player3_5.lpr"/>
        <Caret Line="22" Column="24" TopLine="1"/>
      </Position19>
      <Position20>
        <Filename Value="iinterf7.pas"/>
        <Caret Line="347" Column="21" TopLine="320"/>
      </Position20>
      <Position21>
        <Filename Value="iinterf7.pas"/>
        <Caret Line="273" Column="6" TopLine="260"/>
      </Position21>
      <Position22>
        <Filename Value="iinterf7.pas"/>
        <Caret Line="353" Column="49" TopLine="329"/>
      </Position22>
      <Position23>
        <Filename Value="iinterf7.pas"/>
        <Caret Line="286" Column="51" TopLine="274"/>
      </Position23>
      <Position24>
        <Filename Value="iinterf7.pas"/>
        <Caret Line="74" Column="48" TopLine="70"/>
      </Position24>
      <Position25>
        <Filename Value="iinterf7.pas"/>
        <Caret Line="352" Column="9" TopLine="327"/>
      </Position25>
      <Position26>
        <Filename Value="iinterf7.pas"/>
        <Caret Line="575" Column="63" TopLine="565"/>
      </Position26>
      <Position27>
        <Filename Value="player3_0u.pas"/>
        <Caret Line="896" Column="57" TopLine="884"/>
      </Position27>
      <Position28>
        <Filename Value="player3_5.lpr"/>
        <Caret Line="12" Column="49" TopLine="1"/>
      </Position28>
    </JumpHistory>
  </ProjectOptions>
  <CompilerOptions>
    <Version Value="11"/>
    <PathDelim Value="\"/>
    <Target>
      <Filename Value="player3_5"/>
    </Target>
    <SearchPaths>
      <IncludeFiles Value="$(ProjOutDir)"/>
      <UnitOutputDirectory Value="lib\$(TargetCPU)-$(TargetOS)"/>
    </SearchPaths>
    <Linking>
      <Options>
        <Win32>
          <GraphicApplication Value="True"/>
        </Win32>
      </Options>
    </Linking>
    <Other>
      <CompilerMessages>
        <UseMsgFile Value="True"/>
      </CompilerMessages>
      <CompilerPath Value="$(CompPath)"/>
    </Other>
  </CompilerOptions>
  <Debugging>
    <Watches Count="7">
      <Item1>
        <Expression Value="move_pl[i]"/>
      </Item1>
      <Item2>
        <Expression Value="i"/>
      </Item2>
      <Item3>
        <Expression Value="baza_el.name_file"/>
      </Item3>
      <Item4>
        <Expression Value="tmp"/>
      </Item4>
      <Item5>
        <Expression Value="line_1[i]"/>
      </Item5>
      <Item6>
        <Expression Value="z1"/>
      </Item6>
      <Item7>
        <Expression Value="mousex_stab_r1[3] - poloj_x[3]"/>
      </Item7>
    </Watches>
    <Exceptions Count="3">
      <Item1>
        <Name Value="EAbort"/>
      </Item1>
      <Item2>
        <Name Value="ECodetoolError"/>
      </Item2>
      <Item3>
        <Name Value="EFOpenError"/>
      </Item3>
    </Exceptions>
  </Debugging>
</CONFIG>
